# This file was autogenerated by Stack.
# You should not edit this file by hand.
# For more information, please see the documentation at:
#   https://docs.haskellstack.org/en/stable/lock_files

packages: []
snapshots:
- completed:
    sha256: fb194ea04d72ba9680dc67ce413af055913d48fee1e7e2433e2d36441c19e094
    size: 556051
    url: https://raw.githubusercontent.com/commercialhaskell/stackage-snapshots/master/nightly/2024/1/10.yaml
  original: nightly-2024-01-10
