# This file was autogenerated by Stack.
# You should not edit this file by hand.
# For more information, please see the documentation at:
#   https://docs.haskellstack.org/en/stable/topics/lock_files

packages: []
snapshots:
- completed:
    sha256: 5dcfbf35d1c0b13bd4c2ea51df17fac5da59483a2ea6f092f3a89df0665fde68
    size: 773931
    url: https://raw.githubusercontent.com/commercialhaskell/stackage-snapshots/master/nightly/2026/8/27.yaml
  original: nightly-2026-08-27
